[[package]]
name = "backports-zoneinfo"
version = "0.2.1"
description = "Backport of the standard library zoneinfo module"
category = "main"
optional = false
python-versions = ">=3.6"

[package.extras]
tzdata = ["tzdata"]

[[package]]
name = "certifi"
version = "2022.9.24"
description = "Python package for providing Mozilla's CA Bundle."
category = "main"
optional = false
python-versions = ">=3.6"

[[package]]
name = "charset-normalizer"
version = "2.1.1"
description = "The Real First Universal Charset Detector. Open, modern and actively maintained alternative to Chardet."
category = "main"
optional = false
python-versions = ">=3.6.0"

[package.extras]
unicode-backport = ["unicodedata2"]

[[package]]
name = "greenlet"
version = "2.0.0"
description = "Lightweight in-process concurrent programming"
category = "main"
optional = false
python-versions = ">=2.7,!=3.0.*,!=3.1.*,!=3.2.*,!=3.3.*,!=3.4.*"

[package.extras]
docs = ["Sphinx", "docutils (<0.18)"]
test = ["faulthandler", "objgraph"]

[[package]]
name = "idna"
version = "3.4"
description = "Internationalized Domain Names in Applications (IDNA)"
category = "main"
optional = false
python-versions = ">=3.5"

[[package]]
name = "logger"
version = "1.0.0"
description = ""
category = "main"
optional = false
python-versions = ">=3.8,<4.0"

[package.source]
type = "file"
url = "../../../logger/dist/logger-1.0.0-py3-none-any.whl"

[[package]]
name = "psycopg2"
version = "2.9.5"
description = "psycopg2 - Python-PostgreSQL Database Adapter"
category = "main"
optional = false
python-versions = ">=3.6"

[[package]]
name = "pyyaml"
version = "6.0"
description = "YAML parser and emitter for Python"
category = "main"
optional = false
python-versions = ">=3.6"

[[package]]
name = "qq-bot"
version = "0.1.0"
description = ""
category = "main"
optional = false
python-versions = ">=3.8,<4.0"

[package.dependencies]
logger = "1.0.0"
pyyaml = ">=6.0,<7.0"
requests = ">=2.28.1,<3.0.0"

[package.source]
type = "file"
url = "../qq_bot/dist/qq_bot-0.1.0-py3-none-any.whl"

[[package]]
name = "requests"
version = "2.28.1"
description = "Python HTTP for Humans."
category = "main"
optional = false
python-versions = ">=3.7, <4"

[package.dependencies]
certifi = ">=2017.4.17"
charset-normalizer = ">=2,<3"
idna = ">=2.5,<4"
urllib3 = ">=1.21.1,<1.27"

[package.extras]
socks = ["PySocks (>=1.5.6,!=1.5.7)"]
use-chardet-on-py3 = ["chardet (>=3.0.2,<6)"]

[[package]]
name = "sqlalchemy"
version = "1.4.42"
description = "Database Abstraction Library"
category = "main"
optional = false
python-versions = "!=3.0.*,!=3.1.*,!=3.2.*,!=3.3.*,!=3.4.*,!=3.5.*,>=2.7"

[package.dependencies]
greenlet = {version = "!=0.4.17", markers = "python_version >= \"3\" and (platform_machine == \"aarch64\" or platform_machine == \"ppc64le\" or platform_machine == \"x86_64\" or platform_machine == \"amd64\" or platform_machine == \"AMD64\" or platform_machine == \"win32\" or platform_machine == \"WIN32\")"}

[package.extras]
aiomysql = ["aiomysql", "greenlet (!=0.4.17)"]
aiosqlite = ["aiosqlite", "greenlet (!=0.4.17)", "typing_extensions (!=3.10.0.1)"]
asyncio = ["greenlet (!=0.4.17)"]
asyncmy = ["asyncmy (>=0.2.3,!=0.2.4)", "greenlet (!=0.4.17)"]
mariadb-connector = ["mariadb (>=1.0.1,!=1.1.2)"]
mssql = ["pyodbc"]
mssql-pymssql = ["pymssql"]
mssql-pyodbc = ["pyodbc"]
mypy = ["mypy (>=0.910)", "sqlalchemy2-stubs"]
mysql = ["mysqlclient (>=1.4.0)", "mysqlclient (>=1.4.0,<2)"]
mysql-connector = ["mysql-connector-python"]
oracle = ["cx_oracle (>=7)", "cx_oracle (>=7,<8)"]
postgresql = ["psycopg2 (>=2.7)"]
postgresql-asyncpg = ["asyncpg", "greenlet (!=0.4.17)"]
postgresql-pg8000 = ["pg8000 (>=1.16.6,!=1.29.0)"]
postgresql-psycopg2binary = ["psycopg2-binary"]
postgresql-psycopg2cffi = ["psycopg2cffi"]
pymysql = ["pymysql", "pymysql (<1)"]
sqlcipher = ["sqlcipher3_binary"]

[[package]]
name = "urllib3"
version = "1.26.12"
description = "HTTP library with thread-safe connection pooling, file post, and more."
category = "main"
optional = false
python-versions = ">=2.7, !=3.0.*, !=3.1.*, !=3.2.*, !=3.3.*, !=3.4.*, !=3.5.*, <4"

[package.extras]
brotli = ["brotli (>=1.0.9)", "brotlicffi (>=0.8.0)", "brotlipy (>=0.6.0)"]
secure = ["certifi", "cryptography (>=1.3.4)", "idna (>=2.0.0)", "ipaddress", "pyOpenSSL (>=0.14)", "urllib3-secure-extra"]
socks = ["PySocks (>=1.5.6,!=1.5.7,<2.0)"]

[[package]]
name = "wheel"
version = "0.37.1"
description = "A built-package format for Python"
category = "main"
optional = false
python-versions = "!=3.0.*,!=3.1.*,!=3.2.*,!=3.3.*,!=3.4.*,>=2.7"

[package.extras]
test = ["pytest (>=3.0.0)", "pytest-cov"]

[metadata]
lock-version = "1.1"
python-versions = "^3.8"
content-hash = "2812e4a8a07361ffbce85976af5895aecc775ba6bed51cd8a9b12e1d4792f858"

[metadata.files]
backports-zoneinfo = [
    {file = "backports.zoneinfo-0.2.1-cp36-cp36m-macosx_10_14_x86_64.whl", hash = "sha256:da6013fd84a690242c310d77ddb8441a559e9cb3d3d59ebac9aca1a57b2e18bc"},
    {file = "backports.zoneinfo-0.2.1-cp36-cp36m-manylinux1_i686.whl", hash = "sha256:89a48c0d158a3cc3f654da4c2de1ceba85263fafb861b98b59040a5086259722"},
    {file = "backports.zoneinfo-0.2.1-cp36-cp36m-manylinux1_x86_64.whl", hash = "sha256:1c5742112073a563c81f786e77514969acb58649bcdf6cdf0b4ed31a348d4546"},
    {file = "backports.zoneinfo-0.2.1-cp36-cp36m-win32.whl", hash = "sha256:e8236383a20872c0cdf5a62b554b27538db7fa1bbec52429d8d106effbaeca08"},
    {file = "backports.zoneinfo-0.2.1-cp36-cp36m-win_amd64.whl", hash = "sha256:8439c030a11780786a2002261569bdf362264f605dfa4d65090b64b05c9f79a7"},
    {file = "backports.zoneinfo-0.2.1-cp37-cp37m-macosx_10_14_x86_64.whl", hash = "sha256:f04e857b59d9d1ccc39ce2da1021d196e47234873820cbeaad210724b1ee28ac"},
    {file = "backports.zoneinfo-0.2.1-cp37-cp37m-manylinux1_i686.whl", hash = "sha256:17746bd546106fa389c51dbea67c8b7c8f0d14b5526a579ca6ccf5ed72c526cf"},
    {file = "backports.zoneinfo-0.2.1-cp37-cp37m-manylinux1_x86_64.whl", hash = "sha256:5c144945a7752ca544b4b78c8c41544cdfaf9786f25fe5ffb10e838e19a27570"},
    {file = "backports.zoneinfo-0.2.1-cp37-cp37m-win32.whl", hash = "sha256:e55b384612d93be96506932a786bbcde5a2db7a9e6a4bb4bffe8b733f5b9036b"},
    {file = "backports.zoneinfo-0.2.1-cp37-cp37m-win_amd64.whl", hash = "sha256:a76b38c52400b762e48131494ba26be363491ac4f9a04c1b7e92483d169f6582"},
    {file = "backports.zoneinfo-0.2.1-cp38-cp38-macosx_10_14_x86_64.whl", hash = "sha256:8961c0f32cd0336fb8e8ead11a1f8cd99ec07145ec2931122faaac1c8f7fd987"},
    {file = "backports.zoneinfo-0.2.1-cp38-cp38-manylinux1_i686.whl", hash = "sha256:e81b76cace8eda1fca50e345242ba977f9be6ae3945af8d46326d776b4cf78d1"},
    {file = "backports.zoneinfo-0.2.1-cp38-cp38-manylinux1_x86_64.whl", hash = "sha256:7b0a64cda4145548fed9efc10322770f929b944ce5cee6c0dfe0c87bf4c0c8c9"},
    {file = "backports.zoneinfo-0.2.1-cp38-cp38-win32.whl", hash = "sha256:1b13e654a55cd45672cb54ed12148cd33628f672548f373963b0bff67b217328"},
    {file = "backports.zoneinfo-0.2.1-cp38-cp38-win_amd64.whl", hash = "sha256:4a0f800587060bf8880f954dbef70de6c11bbe59c673c3d818921f042f9954a6"},
    {file = "backports.zoneinfo-0.2.1.tar.gz", hash = "sha256:fadbfe37f74051d024037f223b8e001611eac868b5c5b06144ef4d8b799862f2"},
]
certifi = [
    {file = "certifi-2022.9.24-py3-none-any.whl", hash = "sha256:90c1a32f1d68f940488354e36370f6cca89f0f106db09518524c88d6ed83f382"},
    {file = "certifi-2022.9.24.tar.gz", hash = "sha256:0d9c601124e5a6ba9712dbc60d9c53c21e34f5f641fe83002317394311bdce14"},
]
charset-normalizer = [
    {file = "charset-normalizer-2.1.1.tar.gz", hash = "sha256:5a3d016c7c547f69d6f81fb0db9449ce888b418b5b9952cc5e6e66843e9dd845"},
    {file = "charset_normalizer-2.1.1-py3-none-any.whl", hash = "sha256:83e9a75d1911279afd89352c68b45348559d1fc0506b054b346651b5e7fee29f"},
]
greenlet = [
    {file = "greenlet-2.0.0-cp27-cp27m-macosx_10_14_x86_64.whl", hash = "sha256:4be4dedbd2fa9b7c35627f322d6d3139cb125bc18d5ef2f40237990850ea446f"},
    {file = "greenlet-2.0.0-cp27-cp27m-manylinux2010_x86_64.whl", hash = "sha256:75c022803de010294366f3608d4bba3e346693b1b7427b79d57e3d924ed03838"},
    {file = "greenlet-2.0.0-cp27-cp27m-win32.whl", hash = "sha256:4a1953465b7651073cffde74ed7d121e602ef9a9740d09ee137b01879ac15a2f"},
    {file = "greenlet-2.0.0-cp27-cp27m-win_amd64.whl", hash = "sha256:a65205e6778142528978b4acca76888e7e7f0be261e395664e49a5c21baa2141"},
    {file = "greenlet-2.0.0-cp27-cp27mu-manylinux2010_x86_64.whl", hash = "sha256:d71feebf5c8041c80dfda76427e14e3ca00bca042481bd3e9612a9d57b2cbbf7"},
    {file = "greenlet-2.0.0-cp310-cp310-macosx_10_15_x86_64.whl", hash = "sha256:f7edbd2957f72aea357241fe42ffc712a8e9b8c2c42f24e2ef5d97b255f66172"},
    {file = "greenlet-2.0.0-cp310-cp310-manylinux_2_17_aarch64.manylinux2014_aarch64.whl", hash = "sha256:79687c48e7f564be40c46b3afea6d141b8d66ffc2bc6147e026d491c6827954a"},
    {file = "greenlet-2.0.0-cp310-cp310-manylinux_2_17_ppc64le.manylinux2014_ppc64le.whl", hash = "sha256:a245898ec5e9ca0bc87a63e4e222cc633dc4d1f1a0769c34a625ad67edb9f9de"},
    {file = "greenlet-2.0.0-cp310-cp310-manylinux_2_17_x86_64.manylinux2014_x86_64.whl", hash = "sha256:adcf45221f253b3a681c99da46fa6ac33596fa94c2f30c54368f7ee1c4563a39"},
    {file = "greenlet-2.0.0-cp310-cp310-musllinux_1_1_aarch64.whl", hash = "sha256:3dc294afebf2acfd029373dbf3d01d36fd8d6888a03f5a006e2d690f66b153d9"},
    {file = "greenlet-2.0.0-cp310-cp310-musllinux_1_1_x86_64.whl", hash = "sha256:1cfeae4dda32eb5c64df05d347c4496abfa57ad16a90082798a2bba143c6c854"},
    {file = "greenlet-2.0.0-cp310-cp310-win_amd64.whl", hash = "sha256:d58d4b4dc82e2d21ebb7dd7d3a6d370693b2236a1407fe3988dc1d4ea07575f9"},
    {file = "greenlet-2.0.0-cp311-cp311-macosx_10_9_universal2.whl", hash = "sha256:e0d7efab8418c1fb3ea00c4abb89e7b0179a952d0d53ad5fcff798ca7440f8e8"},
    {file = "greenlet-2.0.0-cp311-cp311-win_amd64.whl", hash = "sha256:f8a10e14238407be3978fa6d190eb3724f9d766655fefc0134fd5482f1fb0108"},
    {file = "greenlet-2.0.0-cp35-cp35m-macosx_10_14_x86_64.whl", hash = "sha256:98b848a0b75e76b446dc71fdbac712d9078d96bb1c1607f049562dde1f8801e1"},
    {file = "greenlet-2.0.0-cp35-cp35m-manylinux2010_x86_64.whl", hash = "sha256:8e8dbad9b4f4c3e37898914cfccb7c4f00dbe3146333cfe52a1a3103cc2ff97c"},
    {file = "greenlet-2.0.0-cp35-cp35m-win32.whl", hash = "sha256:069a8a557541a04518dc3beb9a78637e4e6b286814849a2ecfac529eaa78562b"},
    {file = "greenlet-2.0.0-cp35-cp35m-win_amd64.whl", hash = "sha256:cc211c2ff5d3b2ba8d557a71e3b4f0f0a2020067515143a9516ea43884271192"},
    {file = "greenlet-2.0.0-cp36-cp36m-macosx_10_14_x86_64.whl", hash = "sha256:d4e7642366e638f45d70c5111590a56fbd0ffb7f474af20c6c67c01270bcf5cf"},
    {file = "greenlet-2.0.0-cp36-cp36m-manylinux2010_x86_64.whl", hash = "sha256:e7a0dca752b4e3395890ab4085c3ec3838d73714261914c01b53ed7ea23b5867"},
    {file = "greenlet-2.0.0-cp36-cp36m-manylinux_2_17_aarch64.manylinux2014_aarch64.whl", hash = "sha256:c8c67ecda450ad4eac7837057f5deb96effa836dacaf04747710ccf8eeb73092"},
    {file = "greenlet-2.0.0-cp36-cp36m-manylinux_2_17_ppc64le.manylinux2014_ppc64le.whl", hash = "sha256:3cc1abaf47cfcfdc9ac0bdff173cebab22cd54e9e3490135a4a9302d0ff3b163"},
    {file = "greenlet-2.0.0-cp36-cp36m-manylinux_2_17_x86_64.manylinux2014_x86_64.whl", hash = "sha256:efdbbbf7b6c8d5be52977afa65b9bb7b658bab570543280e76c0fabc647175ed"},
    {file = "greenlet-2.0.0-cp36-cp36m-musllinux_1_1_aarch64.whl", hash = "sha256:7acaa51355d5b9549d474dc71be6846ee9a8f2cb82f4936e5efa7a50bbeb94ad"},
    {file = "greenlet-2.0.0-cp36-cp36m-musllinux_1_1_x86_64.whl", hash = "sha256:2be628bca0395610da08921f9376dd14317f37256d41078f5c618358467681e1"},
    {file = "greenlet-2.0.0-cp36-cp36m-win32.whl", hash = "sha256:eca9c0473de053dcc92156dd62c38c3578628b536c7f0cd66e655e211c14ac32"},
    {file = "greenlet-2.0.0-cp36-cp36m-win_amd64.whl", hash = "sha256:9a4a9fea68fd98814999d91ea585e49ed68d7e199a70bef13a857439f60a4609"},
    {file = "greenlet-2.0.0-cp37-cp37m-macosx_10_15_x86_64.whl", hash = "sha256:6b28420ae290bfbf5d827f976abccc2f74f0a3f5e4fb69b66acf98f1cbe95e7e"},
    {file = "greenlet-2.0.0-cp37-cp37m-manylinux2010_x86_64.whl", hash = "sha256:2b8e1c939b363292ecc93999fb1ad53ffc5d0aac8e933e4362b62365241edda5"},
    {file = "greenlet-2.0.0-cp37-cp37m-manylinux_2_17_aarch64.manylinux2014_aarch64.whl", hash = "sha256:4c5ddadfe40e903c6217ed2b95a79f49e942bb98527547cc339fc7e43a424aad"},
    {file = "greenlet-2.0.0-cp37-cp37m-manylinux_2_17_ppc64le.manylinux2014_ppc64le.whl", hash = "sha256:9e5ead803b11b60b347e08e0f37234d9a595f44a6420026e47bcaf94190c3cd6"},
    {file = "greenlet-2.0.0-cp37-cp37m-manylinux_2_17_x86_64.manylinux2014_x86_64.whl", hash = "sha256:b89b78ffb516c2921aa180c2794082666e26680eef05996b91f46127da24d964"},
    {file = "greenlet-2.0.0-cp37-cp37m-musllinux_1_1_aarch64.whl", hash = "sha256:939963d0137ec92540d95b68b7f795e8dbadce0a1fca53e3e7ef8ddc18ee47cb"},
    {file = "greenlet-2.0.0-cp37-cp37m-musllinux_1_1_x86_64.whl", hash = "sha256:c1e93ef863810fba75faf418f0861dbf59bfe01a7b5d0a91d39603df58d3d3fa"},
    {file = "greenlet-2.0.0-cp37-cp37m-win32.whl", hash = "sha256:6fd342126d825b76bf5b49717a7c682e31ed1114906cdec7f5a0c2ff1bc737a7"},
    {file = "greenlet-2.0.0-cp37-cp37m-win_amd64.whl", hash = "sha256:5392ddb893e7fba237b988f846c4a80576557cc08664d56dc1a69c5c02bdc80c"},
    {file = "greenlet-2.0.0-cp38-cp38-macosx_10_15_x86_64.whl", hash = "sha256:b4fd73b62c1038e7ee938b1de328eaa918f76aa69c812beda3aff8a165494201"},
    {file = "greenlet-2.0.0-cp38-cp38-manylinux2010_x86_64.whl", hash = "sha256:0ba0f2e5c4a8f141952411e356dba05d6fe0c38325ee0e4f2d0c6f4c2c3263d5"},
    {file = "greenlet-2.0.0-cp38-cp38-manylinux_2_17_aarch64.manylinux2014_aarch64.whl", hash = "sha256:d8bacecee0c9348ab7c95df810e12585e9e8c331dfc1e22da4ed0bd635a5f483"},
    {file = "greenlet-2.0.0-cp38-cp38-manylinux_2_17_ppc64le.manylinux2014_ppc64le.whl", hash = "sha256:341053e0a96d512315c27c34fad4672c4573caf9eb98310c39e7747645c88d8b"},
    {file = "greenlet-2.0.0-cp38-cp38-manylinux_2_17_x86_64.manylinux2014_x86_64.whl", hash = "sha256:49fcdd8ae391ffabb3b672397b58a9737aaff6b8cae0836e8db8ff386fcea802"},
    {file = "greenlet-2.0.0-cp38-cp38-musllinux_1_1_aarch64.whl", hash = "sha256:c3aa7d3bc545162a6676445709b24a2a375284dc5e2f2432d58b80827c2bd91c"},
    {file = "greenlet-2.0.0-cp38-cp38-musllinux_1_1_x86_64.whl", hash = "sha256:9d8dca31a39dd9f25641559b8cdf9066168c682dfcfbe0f797f03e4c9718a63a"},
    {file = "greenlet-2.0.0-cp38-cp38-win32.whl", hash = "sha256:aa2b371c3633e694d043d6cec7376cb0031c6f67029f37eef40bda105fd58753"},
    {file = "greenlet-2.0.0-cp38-cp38-win_amd64.whl", hash = "sha256:0fa2a66fdf0d09929e79f786ad61529d4e752f452466f7ddaa5d03caf77a603d"},
    {file = "greenlet-2.0.0-cp39-cp39-macosx_10_15_x86_64.whl", hash = "sha256:e7ec3f2465ba9b7d25895307abe1c1c101a257c54b9ea1522bbcbe8ca8793735"},
    {file = "greenlet-2.0.0-cp39-cp39-manylinux2010_x86_64.whl", hash = "sha256:99e9851e40150504474915605649edcde259a4cd9bce2fcdeb4cf33ad0b5c293"},
    {file = "greenlet-2.0.0-cp39-cp39-manylinux_2_17_aarch64.manylinux2014_aarch64.whl", hash = "sha256:20bf68672ae14ef2e2e6d3ac1f308834db1d0b920b3b0674eef48b2dce0498dd"},
    {file = "greenlet-2.0.0-cp39-cp39-manylinux_2_17_ppc64le.manylinux2014_ppc64le.whl", hash = "sha256:30198bccd774f9b6b1ba7564a0d02a79dd1fe926cfeb4107856fe16c9dfb441c"},
    {file = "greenlet-2.0.0-cp39-cp39-manylinux_2_17_x86_64.manylinux2014_x86_64.whl", hash = "sha256:d65d7d1ff64fb300127d2ffd27db909de4d21712a5dde59a3ad241fb65ee83d7"},
    {file = "greenlet-2.0.0-cp39-cp39-musllinux_1_1_aarch64.whl", hash = "sha256:2f5d396a5457458460b0c28f738fc8ab2738ee61b00c3f845c7047a333acd96c"},
    {file = "greenlet-2.0.0-cp39-cp39-musllinux_1_1_x86_64.whl", hash = "sha256:09f00f9938eb5ae1fe203558b56081feb0ca34a2895f8374cd01129ddf4d111c"},
    {file = "greenlet-2.0.0-cp39-cp39-win32.whl", hash = "sha256:089e123d80dbc6f61fff1ff0eae547b02c343d50968832716a7b0a33bea5f792"},
    {file = "greenlet-2.0.0-cp39-cp39-win_amd64.whl", hash = "sha256:bc283f99a4815ef70cad537110e3e03abcef56ab7d005ba9a8c6ec33054ce9c0"},
    {file = "greenlet-2.0.0.tar.gz", hash = "sha256:6c66f0da8049ee3c126b762768179820d4c0ae0ca46ae489039e4da2fae39a52"},
]
idna = [
    {file = "idna-3.4-py3-none-any.whl", hash = "sha256:90b77e79eaa3eba6de819a0c442c0b4ceefc341a7a2ab77d7562bf49f425c5c2"},
    {file = "idna-3.4.tar.gz", hash = "sha256:814f528e8dead7d329833b91c5faa87d60bf71824cd12a7530b5526063d02cb4"},
]
logger = [
    {file = "logger-1.0.0-py3-none-any.whl", hash = "sha256:89c2d4561ad661b69b7e68c572e96b8ec27e8bc16da0460f2d65387584bab6b5"},
]
psycopg2 = [
    {file = "psycopg2-2.9.5-cp310-cp310-win32.whl", hash = "sha256:d3ef67e630b0de0779c42912fe2cbae3805ebaba30cda27fea2a3de650a9414f"},
    {file = "psycopg2-2.9.5-cp310-cp310-win_amd64.whl", hash = "sha256:4cb9936316d88bfab614666eb9e32995e794ed0f8f6b3b718666c22819c1d7ee"},
    {file = "psycopg2-2.9.5-cp36-cp36m-win32.whl", hash = "sha256:b9ac1b0d8ecc49e05e4e182694f418d27f3aedcfca854ebd6c05bb1cffa10d6d"},
    {file = "psycopg2-2.9.5-cp36-cp36m-win_amd64.whl", hash = "sha256:fc04dd5189b90d825509caa510f20d1d504761e78b8dfb95a0ede180f71d50e5"},
    {file = "psycopg2-2.9.5-cp37-cp37m-win32.whl", hash = "sha256:922cc5f0b98a5f2b1ff481f5551b95cd04580fd6f0c72d9b22e6c0145a4840e0"},
    {file = "psycopg2-2.9.5-cp37-cp37m-win_amd64.whl", hash = "sha256:1e5a38aa85bd660c53947bd28aeaafb6a97d70423606f1ccb044a03a1203fe4a"},
    {file = "psycopg2-2.9.5-cp38-cp38-win32.whl", hash = "sha256:f5b6320dbc3cf6cfb9f25308286f9f7ab464e65cfb105b64cc9c52831748ced2"},
    {file = "psycopg2-2.9.5-cp38-cp38-win_amd64.whl", hash = "sha256:1a5c7d7d577e0eabfcf15eb87d1e19314c8c4f0e722a301f98e0e3a65e238b4e"},
    {file = "psycopg2-2.9.5-cp39-cp39-win32.whl", hash = "sha256:322fd5fca0b1113677089d4ebd5222c964b1760e361f151cbb2706c4912112c5"},
    {file = "psycopg2-2.9.5-cp39-cp39-win_amd64.whl", hash = "sha256:190d51e8c1b25a47484e52a79638a8182451d6f6dff99f26ad9bd81e5359a0fa"},
    {file = "psycopg2-2.9.5.tar.gz", hash = "sha256:a5246d2e683a972e2187a8714b5c2cf8156c064629f9a9b1a873c1730d9e245a"},
]
pyyaml = [
    {file = "PyYAML-6.0-cp310-cp310-macosx_10_9_x86_64.whl", hash = "sha256:d4db7c7aef085872ef65a8fd7d6d09a14ae91f691dec3e87ee5ee0539d516f53"},
    {file = "PyYAML-6.0-cp310-cp310-macosx_11_0_arm64.whl", hash = "sha256:9df7ed3b3d2e0ecfe09e14741b857df43adb5a3ddadc919a2d94fbdf78fea53c"},
    {file = "PyYAML-6.0-cp310-cp310-manylinux_2_17_aarch64.manylinux2014_aarch64.whl", hash = "sha256:77f396e6ef4c73fdc33a9157446466f1cff553d979bd00ecb64385760c6babdc"},
    {file = "PyYAML-6.0-cp310-cp310-manylinux_2_17_s390x.manylinux2014_s390x.whl", hash = "sha256:a80a78046a72361de73f8f395f1f1e49f956c6be882eed58505a15f3e430962b"},
    {file = "PyYAML-6.0-cp310-cp310-manylinux_2_5_x86_64.manylinux1_x86_64.manylinux_2_12_x86_64.manylinux2010_x86_64.whl", hash = "sha256:f84fbc98b019fef2ee9a1cb3ce93e3187a6df0b2538a651bfb890254ba9f90b5"},
    {file = "PyYAML-6.0-cp310-cp310-win32.whl", hash = "sha256:2cd5df3de48857ed0544b34e2d40e9fac445930039f3cfe4bcc592a1f836d513"},
    {file = "PyYAML-6.0-cp310-cp310-win_amd64.whl", hash = "sha256:daf496c58a8c52083df09b80c860005194014c3698698d1a57cbcfa182142a3a"},
    {file = "PyYAML-6.0-cp311-cp311-macosx_10_9_x86_64.whl", hash = "sha256:d4b0ba9512519522b118090257be113b9468d804b19d63c71dbcf4a48fa32358"},
    {file = "PyYAML-6.0-cp311-cp311-macosx_11_0_arm64.whl", hash = "sha256:81957921f441d50af23654aa6c5e5eaf9b06aba7f0a19c18a538dc7ef291c5a1"},
    {file = "PyYAML-6.0-cp311-cp311-manylinux_2_17_aarch64.manylinux2014_aarch64.whl", hash = "sha256:afa17f5bc4d1b10afd4466fd3a44dc0e245382deca5b3c353d8b757f9e3ecb8d"},
    {file = "PyYAML-6.0-cp311-cp311-manylinux_2_17_s390x.manylinux2014_s390x.whl", hash = "sha256:dbad0e9d368bb989f4515da330b88a057617d16b6a8245084f1b05400f24609f"},
    {file = "PyYAML-6.0-cp311-cp311-manylinux_2_17_x86_64.manylinux2014_x86_64.whl", hash = "sha256:432557aa2c09802be39460360ddffd48156e30721f5e8d917f01d31694216782"},
    {file = "PyYAML-6.0-cp311-cp311-win32.whl", hash = "sha256:bfaef573a63ba8923503d27530362590ff4f576c626d86a9fed95822a8255fd7"},
    {file = "PyYAML-6.0-cp311-cp311-win_amd64.whl", hash = "sha256:01b45c0191e6d66c470b6cf1b9531a771a83c1c4208272ead47a3ae4f2f603bf"},
    {file = "PyYAML-6.0-cp36-cp36m-macosx_10_9_x86_64.whl", hash = "sha256:897b80890765f037df3403d22bab41627ca8811ae55e9a722fd0392850ec4d86"},
    {file = "PyYAML-6.0-cp36-cp36m-manylinux_2_17_aarch64.manylinux2014_aarch64.whl", hash = "sha256:50602afada6d6cbfad699b0c7bb50d5ccffa7e46a3d738092afddc1f9758427f"},
    {file = "PyYAML-6.0-cp36-cp36m-manylinux_2_17_s390x.manylinux2014_s390x.whl", hash = "sha256:48c346915c114f5fdb3ead70312bd042a953a8ce5c7106d5bfb1a5254e47da92"},
    {file = "PyYAML-6.0-cp36-cp36m-manylinux_2_5_x86_64.manylinux1_x86_64.manylinux_2_12_x86_64.manylinux2010_x86_64.whl", hash = "sha256:98c4d36e99714e55cfbaaee6dd5badbc9a1ec339ebfc3b1f52e293aee6bb71a4"},
    {file = "PyYAML-6.0-cp36-cp36m-win32.whl", hash = "sha256:0283c35a6a9fbf047493e3a0ce8d79ef5030852c51e9d911a27badfde0605293"},
    {file = "PyYAML-6.0-cp36-cp36m-win_amd64.whl", hash = "sha256:07751360502caac1c067a8132d150cf3d61339af5691fe9e87803040dbc5db57"},
    {file = "PyYAML-6.0-cp37-cp37m-macosx_10_9_x86_64.whl", hash = "sha256:819b3830a1543db06c4d4b865e70ded25be52a2e0631ccd2f6a47a2822f2fd7c"},
    {file = "PyYAML-6.0-cp37-cp37m-manylinux_2_17_aarch64.manylinux2014_aarch64.whl", hash = "sha256:473f9edb243cb1935ab5a084eb238d842fb8f404ed2193a915d1784b5a6b5fc0"},
    {file = "PyYAML-6.0-cp37-cp37m-manylinux_2_17_s390x.manylinux2014_s390x.whl", hash = "sha256:0ce82d761c532fe4ec3f87fc45688bdd3a4c1dc5e0b4a19814b9009a29baefd4"},
    {file = "PyYAML-6.0-cp37-cp37m-manylinux_2_5_x86_64.manylinux1_x86_64.manylinux_2_12_x86_64.manylinux2010_x86_64.whl", hash = "sha256:231710d57adfd809ef5d34183b8ed1eeae3f76459c18fb4a0b373ad56bedcdd9"},
    {file = "PyYAML-6.0-cp37-cp37m-win32.whl", hash = "sha256:c5687b8d43cf58545ade1fe3e055f70eac7a5a1a0bf42824308d868289a95737"},
    {file = "PyYAML-6.0-cp37-cp37m-win_amd64.whl", hash = "sha256:d15a181d1ecd0d4270dc32edb46f7cb7733c7c508857278d3d378d14d606db2d"},
    {file = "PyYAML-6.0-cp38-cp38-macosx_10_9_x86_64.whl", hash = "sha256:0b4624f379dab24d3725ffde76559cff63d9ec94e1736b556dacdfebe5ab6d4b"},
    {file = "PyYAML-6.0-cp38-cp38-manylinux_2_17_aarch64.manylinux2014_aarch64.whl", hash = "sha256:213c60cd50106436cc818accf5baa1aba61c0189ff610f64f4a3e8c6726218ba"},
    {file = "PyYAML-6.0-cp38-cp38-manylinux_2_17_s390x.manylinux2014_s390x.whl", hash = "sha256:9fa600030013c4de8165339db93d182b9431076eb98eb40ee068700c9c813e34"},
    {file = "PyYAML-6.0-cp38-cp38-manylinux_2_5_x86_64.manylinux1_x86_64.manylinux_2_12_x86_64.manylinux2010_x86_64.whl", hash = "sha256:277a0ef2981ca40581a47093e9e2d13b3f1fbbeffae064c1d21bfceba2030287"},
    {file = "PyYAML-6.0-cp38-cp38-win32.whl", hash = "sha256:d4eccecf9adf6fbcc6861a38015c2a64f38b9d94838ac1810a9023a0609e1b78"},
    {file = "PyYAML-6.0-cp38-cp38-win_amd64.whl", hash = "sha256:1e4747bc279b4f613a09eb64bba2ba602d8a6664c6ce6396a4d0cd413a50ce07"},
    {file = "PyYAML-6.0-cp39-cp39-macosx_10_9_x86_64.whl", hash = "sha256:055d937d65826939cb044fc8c9b08889e8c743fdc6a32b33e2390f66013e449b"},
    {file = "PyYAML-6.0-cp39-cp39-macosx_11_0_arm64.whl", hash = "sha256:e61ceaab6f49fb8bdfaa0f92c4b57bcfbea54c09277b1b4f7ac376bfb7a7c174"},
    {file = "PyYAML-6.0-cp39-cp39-manylinux_2_17_aarch64.manylinux2014_aarch64.whl", hash = "sha256:d67d839ede4ed1b28a4e8909735fc992a923cdb84e618544973d7dfc71540803"},
    {file = "PyYAML-6.0-cp39-cp39-manylinux_2_17_s390x.manylinux2014_s390x.whl", hash = "sha256:cba8c411ef271aa037d7357a2bc8f9ee8b58b9965831d9e51baf703280dc73d3"},
    {file = "PyYAML-6.0-cp39-cp39-manylinux_2_5_x86_64.manylinux1_x86_64.manylinux_2_12_x86_64.manylinux2010_x86_64.whl", hash = "sha256:40527857252b61eacd1d9af500c3337ba8deb8fc298940291486c465c8b46ec0"},
    {file = "PyYAML-6.0-cp39-cp39-win32.whl", hash = "sha256:b5b9eccad747aabaaffbc6064800670f0c297e52c12754eb1d976c57e4f74dcb"},
    {file = "PyYAML-6.0-cp39-cp39-win_amd64.whl", hash = "sha256:b3d267842bf12586ba6c734f89d1f5b871df0273157918b0ccefa29deb05c21c"},
    {file = "PyYAML-6.0.tar.gz", hash = "sha256:68fb519c14306fec9720a2a5b45bc9f0c8d1b9c72adf45c37baedfcd949c35a2"},
]
qq-bot = [
    {file = "qq_bot-0.1.0-py3-none-any.whl", hash = "sha256:adc5ecdd56bfe8fe89f283f0f9b6c2fb83c0eedfac5a2c6831cae7a1b30bbe9a"},
]
requests = [
    {file = "requests-2.28.1-py3-none-any.whl", hash = "sha256:8fefa2a1a1365bf5520aac41836fbee479da67864514bdb821f31ce07ce65349"},
    {file = "requests-2.28.1.tar.gz", hash = "sha256:7c5599b102feddaa661c826c56ab4fee28bfd17f5abca1ebbe3e7f19d7c97983"},
]
sqlalchemy = [
    {file = "SQLAlchemy-1.4.42-cp27-cp27m-macosx_10_14_x86_64.whl", hash = "sha256:28e881266a172a4d3c5929182fde6bb6fba22ac93f137d5380cc78a11a9dd124"},
    {file = "SQLAlchemy-1.4.42-cp27-cp27m-manylinux_2_5_x86_64.manylinux1_x86_64.whl", hash = "sha256:ca9389a00f639383c93ed00333ed763812f80b5ae9e772ea32f627043f8c9c88"},
    {file = "SQLAlchemy-1.4.42-cp27-cp27m-win32.whl", hash = "sha256:1d0c23ecf7b3bc81e29459c34a3f4c68ca538de01254e24718a7926810dc39a6"},
    {file = "SQLAlchemy-1.4.42-cp27-cp27m-win_amd64.whl", hash = "sha256:6c9d004eb78c71dd4d3ce625b80c96a827d2e67af9c0d32b1c1e75992a7916cc"},
    {file = "SQLAlchemy-1.4.42-cp27-cp27mu-manylinux_2_5_x86_64.manylinux1_x86_64.whl", hash = "sha256:9e3a65ce9ed250b2f096f7b559fe3ee92e6605fab3099b661f0397a9ac7c8d95"},
    {file = "SQLAlchemy-1.4.42-cp310-cp310-macosx_10_15_x86_64.whl", hash = "sha256:2e56dfed0cc3e57b2f5c35719d64f4682ef26836b81067ee6cfad062290fd9e2"},
    {file = "SQLAlchemy-1.4.42-cp310-cp310-manylinux_2_17_aarch64.manylinux2014_aarch64.whl", hash = "sha256:b42c59ffd2d625b28cdb2ae4cde8488543d428cba17ff672a543062f7caee525"},
    {file = "SQLAlchemy-1.4.42-cp310-cp310-manylinux_2_5_x86_64.manylinux1_x86_64.manylinux_2_12_x86_64.manylinux2010_x86_64.whl", hash = "sha256:22459fc1718785d8a86171bbe7f01b5c9d7297301ac150f508d06e62a2b4e8d2"},
    {file = "SQLAlchemy-1.4.42-cp310-cp310-manylinux_2_5_x86_64.manylinux1_x86_64.manylinux_2_17_x86_64.manylinux2014_x86_64.whl", hash = "sha256:df76e9c60879fdc785a34a82bf1e8691716ffac32e7790d31a98d7dec6e81545"},
    {file = "SQLAlchemy-1.4.42-cp310-cp310-win32.whl", hash = "sha256:e7e740453f0149437c101ea4fdc7eea2689938c5760d7dcc436c863a12f1f565"},
    {file = "SQLAlchemy-1.4.42-cp310-cp310-win_amd64.whl", hash = "sha256:effc89e606165ca55f04f3f24b86d3e1c605e534bf1a96e4e077ce1b027d0b71"},
    {file = "SQLAlchemy-1.4.42-cp311-cp311-macosx_10_9_universal2.whl", hash = "sha256:97ff50cd85bb907c2a14afb50157d0d5486a4b4639976b4a3346f34b6d1b5272"},
    {file = "SQLAlchemy-1.4.42-cp311-cp311-manylinux_2_17_aarch64.manylinux2014_aarch64.whl", hash = "sha256:e12c6949bae10f1012ab5c0ea52ab8db99adcb8c7b717938252137cdf694c775"},
    {file = "SQLAlchemy-1.4.42-cp311-cp311-manylinux_2_5_x86_64.manylinux1_x86_64.manylinux_2_17_x86_64.manylinux2014_x86_64.whl", hash = "sha256:11b2ec26c5d2eefbc3e6dca4ec3d3d95028be62320b96d687b6e740424f83b7d"},
    {file = "SQLAlchemy-1.4.42-cp311-cp311-win32.whl", hash = "sha256:6045b3089195bc008aee5c273ec3ba9a93f6a55bc1b288841bd4cfac729b6516"},
    {file = "SQLAlchemy-1.4.42-cp311-cp311-win_amd64.whl", hash = "sha256:0501f74dd2745ec38f44c3a3900fb38b9db1ce21586b691482a19134062bf049"},
    {file = "SQLAlchemy-1.4.42-cp36-cp36m-macosx_10_14_x86_64.whl", hash = "sha256:6e39e97102f8e26c6c8550cb368c724028c575ec8bc71afbbf8faaffe2b2092a"},
    {file = "SQLAlchemy-1.4.42-cp36-cp36m-manylinux_2_17_aarch64.manylinux2014_aarch64.whl", hash = "sha256:15d878929c30e41fb3d757a5853b680a561974a0168cd33a750be4ab93181628"},
    {file = "SQLAlchemy-1.4.42-cp36-cp36m-manylinux_2_5_x86_64.manylinux1_x86_64.manylinux_2_12_x86_64.manylinux2010_x86_64.whl", hash = "sha256:fa5b7eb2051e857bf83bade0641628efe5a88de189390725d3e6033a1fff4257"},
    {file = "SQLAlchemy-1.4.42-cp36-cp36m-manylinux_2_5_x86_64.manylinux1_x86_64.manylinux_2_17_x86_64.manylinux2014_x86_64.whl", hash = "sha256:4e1c5f8182b4f89628d782a183d44db51b5af84abd6ce17ebb9804355c88a7b5"},
    {file = "SQLAlchemy-1.4.42-cp36-cp36m-win32.whl", hash = "sha256:a7dd5b7b34a8ba8d181402d824b87c5cee8963cb2e23aa03dbfe8b1f1e417cde"},
    {file = "SQLAlchemy-1.4.42-cp36-cp36m-win_amd64.whl", hash = "sha256:5ede1495174e69e273fad68ad45b6d25c135c1ce67723e40f6cf536cb515e20b"},
    {file = "SQLAlchemy-1.4.42-cp37-cp37m-macosx_10_15_x86_64.whl", hash = "sha256:9256563506e040daddccaa948d055e006e971771768df3bb01feeb4386c242b0"},
    {file = "SQLAlchemy-1.4.42-cp37-cp37m-manylinux_2_17_aarch64.manylinux2014_aarch64.whl", hash = "sha256:4948b6c5f4e56693bbeff52f574279e4ff972ea3353f45967a14c30fb7ae2beb"},
    {file = "SQLAlchemy-1.4.42-cp37-cp37m-manylinux_2_5_x86_64.manylinux1_x86_64.manylinux_2_12_x86_64.manylinux2010_x86_64.whl", hash = "sha256:1811a0b19a08af7750c0b69e38dec3d46e47c4ec1d74b6184d69f12e1c99a5e0"},
    {file = "SQLAlchemy-1.4.42-cp37-cp37m-manylinux_2_5_x86_64.manylinux1_x86_64.manylinux_2_17_x86_64.manylinux2014_x86_64.whl", hash = "sha256:9b01d9cd2f9096f688c71a3d0f33f3cd0af8549014e66a7a7dee6fc214a7277d"},
    {file = "SQLAlchemy-1.4.42-cp37-cp37m-win32.whl", hash = "sha256:bd448b262544b47a2766c34c0364de830f7fb0772d9959c1c42ad61d91ab6565"},
    {file = "SQLAlchemy-1.4.42-cp37-cp37m-win_amd64.whl", hash = "sha256:04f2598c70ea4a29b12d429a80fad3a5202d56dce19dd4916cc46a965a5ca2e9"},
    {file = "SQLAlchemy-1.4.42-cp38-cp38-macosx_10_15_x86_64.whl", hash = "sha256:3ab7c158f98de6cb4f1faab2d12973b330c2878d0c6b689a8ca424c02d66e1b3"},
    {file = "SQLAlchemy-1.4.42-cp38-cp38-manylinux_2_17_aarch64.manylinux2014_aarch64.whl", hash = "sha256:0ee377eb5c878f7cefd633ab23c09e99d97c449dd999df639600f49b74725b80"},
    {file = "SQLAlchemy-1.4.42-cp38-cp38-manylinux_2_5_x86_64.manylinux1_x86_64.manylinux_2_12_x86_64.manylinux2010_x86_64.whl", hash = "sha256:934472bb7d8666727746a75670a1f8d91a9cae8c464bba79da30a0f6faccd9e1"},
    {file = "SQLAlchemy-1.4.42-cp38-cp38-manylinux_2_5_x86_64.manylinux1_x86_64.manylinux_2_17_x86_64.manylinux2014_x86_64.whl", hash = "sha256:fdb94a3d1ba77ff2ef11912192c066f01e68416f554c194d769391638c8ad09a"},
    {file = "SQLAlchemy-1.4.42-cp38-cp38-win32.whl", hash = "sha256:f0f574465b78f29f533976c06b913e54ab4980b9931b69aa9d306afff13a9471"},
    {file = "SQLAlchemy-1.4.42-cp38-cp38-win_amd64.whl", hash = "sha256:a85723c00a636eed863adb11f1e8aaa36ad1c10089537823b4540948a8429798"},
    {file = "SQLAlchemy-1.4.42-cp39-cp39-macosx_10_15_x86_64.whl", hash = "sha256:5ce6929417d5dce5ad1d3f147db81735a4a0573b8fb36e3f95500a06eaddd93e"},
    {file = "SQLAlchemy-1.4.42-cp39-cp39-manylinux_2_17_aarch64.manylinux2014_aarch64.whl", hash = "sha256:723e3b9374c1ce1b53564c863d1a6b2f1dc4e97b1c178d9b643b191d8b1be738"},
    {file = "SQLAlchemy-1.4.42-cp39-cp39-manylinux_2_5_x86_64.manylinux1_x86_64.manylinux_2_12_x86_64.manylinux2010_x86_64.whl", hash = "sha256:876eb185911c8b95342b50a8c4435e1c625944b698a5b4a978ad2ffe74502908"},
    {file = "SQLAlchemy-1.4.42-cp39-cp39-manylinux_2_5_x86_64.manylinux1_x86_64.manylinux_2_17_x86_64.manylinux2014_x86_64.whl", hash = "sha256:2fd49af453e590884d9cdad3586415922a8e9bb669d874ee1dc55d2bc425aacd"},
    {file = "SQLAlchemy-1.4.42-cp39-cp39-win32.whl", hash = "sha256:e4ef8cb3c5b326f839bfeb6af5f406ba02ad69a78c7aac0fbeeba994ad9bb48a"},
    {file = "SQLAlchemy-1.4.42-cp39-cp39-win_amd64.whl", hash = "sha256:5f966b64c852592469a7eb759615bbd351571340b8b344f1d3fa2478b5a4c934"},
    {file = "SQLAlchemy-1.4.42.tar.gz", hash = "sha256:177e41914c476ed1e1b77fd05966ea88c094053e17a85303c4ce007f88eff363"},
]
urllib3 = [
    {file = "urllib3-1.26.12-py2.py3-none-any.whl", hash = "sha256:b930dd878d5a8afb066a637fbb35144fe7901e3b209d1cd4f524bd0e9deee997"},
    {file = "urllib3-1.26.12.tar.gz", hash = "sha256:3fa96cf423e6987997fc326ae8df396db2a8b7c667747d47ddd8ecba91f4a74e"},
]
wheel = [
    {file = "wheel-0.37.1-py2.py3-none-any.whl", hash = "sha256:4bdcd7d840138086126cd09254dc6195fb4fc6f01c050a1d7236f2630db1d22a"},
    {file = "wheel-0.37.1.tar.gz", hash = "sha256:e9a504e793efbca1b8e0e9cb979a249cf4a0a7b5b8c9e8b65a5e39d49529c1c4"},
]
